
Microsoft Visual Studio Solution File, Format Version 12.00
# Visual Studio 2013
VisualStudioVersion = 12.0.21005.1
MinimumVisualStudioVersion = 10.0.40219.1
Project("{888888A0-9F3D-457C-B088-3A5042F75D52}") = "preprocess", "preprocess\preprocess.pyproj", "{D0FCEBBA-8C4E-41CC-BAEF-639CA40D42FC}"
EndProject
Project("{888888A0-9F3D-457C-B088-3A5042F75D52}") = "plotaccuracy", "postprocess\plotaccuracy.pyproj", "{100B3C26-B221-4FBF-8AD4-96B430FB5F5A}"
EndProject
Project("{888888A0-9F3D-457C-B088-3A5042F75D52}") = "evaluation", "evaluation\evaluation.pyproj", "{696EFE73-FF97-4321-977F-0E50E507A3FE}"
EndProject
Global
	GlobalSection(SolutionConfigurationPlatforms) = preSolution
		Debug|Any CPU = Debug|Any CPU
		Release|Any CPU = Release|Any CPU
	EndGlobalSection
	GlobalSection(ProjectConfigurationPlatforms) = postSolution
		{D0FCEBBA-8C4E-41CC-BAEF-639CA40D42FC}.Debug|Any CPU.ActiveCfg = Debug|Any CPU
		{D0FCEBBA-8C4E-41CC-BAEF-639CA40D42FC}.Release|Any CPU.ActiveCfg = Release|Any CPU
		{100B3C26-B221-4FBF-8AD4-96B430FB5F5A}.Debug|Any CPU.ActiveCfg = Debug|Any CPU
		{100B3C26-B221-4FBF-8AD4-96B430FB5F5A}.Release|Any CPU.ActiveCfg = Release|Any CPU
		{696EFE73-FF97-4321-977F-0E50E507A3FE}.Debug|Any CPU.ActiveCfg = Debug|Any CPU
		{696EFE73-FF97-4321-977F-0E50E507A3FE}.Release|Any CPU.ActiveCfg = Release|Any CPU
	EndGlobalSection
	GlobalSection(SolutionProperties) = preSolution
		HideSolutionNode = FALSE
	EndGlobalSection
EndGlobal
